// !$*UTF8*$!
{
	archiveVersion = 1;
	classes = {
	};
	objectVersion = 46;
	objects = {

/* Begin PBXBuildFile section */
		BDB30ABD1B21DF8500D40546 /* main.m in Sources */ = {isa = PBXBuildFile; fileRef = BDB30ABC1B21DF8500D40546 /* main.m */; };
		BDB30AC01B21DF8500D40546 /* AppDelegate.m in Sources */ = {isa = PBXBuildFile; fileRef = BDB30ABF1B21DF8500D40546 /* AppDelegate.m */; };
		BDB30AC31B21DF8500D40546 /* ViewController.m in Sources */ = {isa = PBXBuildFile; fileRef = BDB30AC21B21DF8500D40546 /* ViewController.m */; };
		BDB30AC61B21DF8500D40546 /* Main.storyboard in Resources */ = {isa = PBXBuildFile; fileRef = BDB30AC41B21DF8500D40546 /* Main.storyboard */; };
		BDB30AC81B21DF8500D40546 /* Images.xcassets in Resources */ = {isa = PBXBuildFile; fileRef = BDB30AC71B21DF8500D40546 /* Images.xcassets */; };
		BDB30ACB1B21DF8500D40546 /* LaunchScreen.xib in Resources */ = {isa = PBXBuildFile; fileRef = BDB30AC91B21DF8500D40546 /* LaunchScreen.xib */; };
		BDB30AD71B21DF8500D40546 /* OOStuffTests.m in Sources */ = {isa = PBXBuildFile; fileRef = BDB30AD61B21DF8500D40546 /* OOStuffTests.m */; };
		BDB30AE21B21E1B400D40546 /* Item.m in Sources */ = {isa = PBXBuildFile; fileRef = BDB30AE11B21E1B400D40546 /* Item.m */; };
/* End PBXBuildFile section */

/* Begin PBXContainerItemProxy section */
		BDB30AD11B21DF8500D40546 /* PBXContainerItemProxy */ = {
			isa = PBXContainerItemProxy;
			containerPortal = BDB30AAF1B21DF8500D40546 /* Project object */;
			proxyType = 1;
			remoteGlobalIDString = BDB30AB61B21DF8500D40546;
			remoteInfo = OOStuff;
		};
/* End PBXContainerItemProxy section */

/* Begin PBXFileReference section */
		BDB30AB71B21DF8500D40546 /* OOStuff.app */ = {isa = PBXFileReference; explicitFileType = wrapper.application; includeInIndex = 0; path = OOStuff.app; sourceTree = BUILT_PRODUCTS_DIR; };
		BDB30ABB1B21DF8500D40546 /* Info.plist */ = {isa = PBXFileReference; lastKnownFileType = text.plist.xml; path = Info.plist; sourceTree = "<group>"; };
		BDB30ABC1B21DF8500D40546 /* main.m */ = {isa = PBXFileReference; lastKnownFileType = sourcecode.c.objc; path = main.m; sourceTree = "<group>"; };
		BDB30ABE1B21DF8500D40546 /* AppDelegate.h */ = {isa = PBXFileReference; lastKnownFileType = sourcecode.c.h; path = AppDelegate.h; sourceTree = "<group>"; };
		BDB30ABF1B21DF8500D40546 /* AppDelegate.m */ = {isa = PBXFileReference; lastKnownFileType = sourcecode.c.objc; path = AppDelegate.m; sourceTree = "<group>"; };
		BDB30AC11B21DF8500D40546 /* ViewController.h */ = {isa = PBXFileReference; lastKnownFileType = sourcecode.c.h; path = ViewController.h; sourceTree = "<group>"; };
		BDB30AC21B21DF8500D40546 /* ViewController.m */ = {isa = PBXFileReference; lastKnownFileType = sourcecode.c.objc; path = ViewController.m; sourceTree = "<group>"; };
		BDB30AC51B21DF8500D40546 /* Base */ = {isa = PBXFileReference; lastKnownFileType = file.storyboard; name = Base; path = Base.lproj/Main.storyboard; sourceTree = "<group>"; };
		BDB30AC71B21DF8500D40546 /* Images.xcassets */ = {isa = PBXFileReference; lastKnownFileType = folder.assetcatalog; path = Images.xcassets; sourceTree = "<group>"; };
		BDB30ACA1B21DF8500D40546 /* Base */ = {isa = PBXFileReference; lastKnownFileType = file.xib; name = Base; path = Base.lproj/LaunchScreen.xib; sourceTree = "<group>"; };
		BDB30AD01B21DF8500D40546 /* OOStuffTests.xctest */ = {isa = PBXFileReference; explicitFileType = wrapper.cfbundle; includeInIndex = 0; path = OOStuffTests.xctest; sourceTree = BUILT_PRODUCTS_DIR; };
		BDB30AD51B21DF8500D40546 /* Info.plist */ = {isa = PBXFileReference; lastKnownFileType = text.plist.xml; path = Info.plist; sourceTree = "<group>"; };
		BDB30AD61B21DF8500D40546 /* OOStuffTests.m */ = {isa = PBXFileReference; lastKnownFileType = sourcecode.c.objc; path = OOStuffTests.m; sourceTree = "<group>"; };
		BDB30AE01B21E1B400D40546 /* Item.h */ = {isa = PBXFileReference; fileEncoding = 4; lastKnownFileType = sourcecode.c.h; path = Item.h; sourceTree = "<group>"; };
		BDB30AE11B21E1B400D40546 /* Item.m */ = {isa = PBXFileReference; fileEncoding = 4; lastKnownFileType = sourcecode.c.objc; path = Item.m; sourceTree = "<group>"; };
/* End PBXFileReference section */

/* Begin PBXFrameworksBuildPhase section */
		BDB30AB41B21DF8500D40546 /* Frameworks */ = {
			isa = PBXFrameworksBuildPhase;
			buildActionMask = 2147483647;
			files = (
			);
			runOnlyForDeploymentPostprocessing = 0;
		};
		BDB30ACD1B21DF8500D40546 /* Frameworks */ = {
			isa = PBXFrameworksBuildPhase;
			buildActionMask = 2147483647;
			files = (
			);
			runOnlyForDeploymentPostprocessing = 0;
		};
/* End PBXFrameworksBuildPhase section */

/* Begin PBXGroup section */
		BDB30AAE1B21DF8500D40546 = {
			isa = PBXGroup;
			children = (
				BDB30AB91B21DF8500D40546 /* OOStuff */,
				BDB30AD31B21DF8500D40546 /* OOStuffTests */,
				BDB30AB81B21DF8500D40546 /* Products */,
			);
			sourceTree = "<group>";
		};
		BDB30AB81B21DF8500D40546 /* Products */ = {
			isa = PBXGroup;
			children = (
				BDB30AB71B21DF8500D40546 /* OOStuff.app */,
				BDB30AD01B21DF8500D40546 /* OOStuffTests.xctest */,
			);
			name = Products;
			sourceTree = "<group>";
		};
		BDB30AB91B21DF8500D40546 /* OOStuff */ = {
			isa = PBXGroup;
			children = (
				BDB30ABE1B21DF8500D40546 /* AppDelegate.h */,
				BDB30ABF1B21DF8500D40546 /* AppDelegate.m */,
				BDB30AC11B21DF8500D40546 /* ViewController.h */,
				BDB30AC21B21DF8500D40546 /* ViewController.m */,
				BDB30AE01B21E1B400D40546 /* Item.h */,
				BDB30AE11B21E1B400D40546 /* Item.m */,
				BDB30AC41B21DF8500D40546 /* Main.storyboard */,
				BDB30AC71B21DF8500D40546 /* Images.xcassets */,
				BDB30AC91B21DF8500D40546 /* LaunchScreen.xib */,
				BDB30ABA1B21DF8500D40546 /* Supporting Files */,
			);
			path = OOStuff;
			sourceTree = "<group>";
		};
		BDB30ABA1B21DF8500D40546 /* Supporting Files */ = {
			isa = PBXGroup;
			children = (
				BDB30ABB1B21DF8500D40546 /* Info.plist */,
				BDB30ABC1B21DF8500D40546 /* main.m */,
			);
			name = "Supporting Files";
			sourceTree = "<group>";
		};
		BDB30AD31B21DF8500D40546 /* OOStuffTests */ = {
			isa = PBXGroup;
			children = (
				BDB30AD61B21DF8500D40546 /* OOStuffTests.m */,
				BDB30AD41B21DF8500D40546 /* Supporting Files */,
			);
			path = OOStuffTests;
			sourceTree = "<group>";
		};
		BDB30AD41B21DF8500D40546 /* Supporting Files */ = {
			isa = PBXGroup;
			children = (
				BDB30AD51B21DF8500D40546 /* Info.plist */,
			);
			name = "Supporting Files";
			sourceTree = "<group>";
		};
/* End PBXGroup section */

/* Begin PBXNativeTarget section */
		BDB30AB61B21DF8500D40546 /* OOStuff */ = {
			isa = PBXNativeTarget;
			buildConfigurationList = BDB30ADA1B21DF8500D40546 /* Build configuration list for PBXNativeTarget "OOStuff" */;
			buildPhases = (
				BDB30AB31B21DF8500D40546 /* Sources */,
				BDB30AB41B21DF8500D40546 /* Frameworks */,
				BDB30AB51B21DF8500D40546 /* Resources */,
			);
			buildRules = (
			);
			dependencies = (
			);
			name = OOStuff;
			productName = OOStuff;
			productReference = BDB30AB71B21DF8500D40546 /* OOStuff.app */;
			productType = "com.apple.product-type.application";
		};
		BDB30ACF1B21DF8500D40546 /* OOStuffTests */ = {
			isa = PBXNativeTarget;
			buildConfigurationList = BDB30ADD1B21DF8500D40546 /* Build configuration list for PBXNativeTarget "OOStuffTests" */;
			buildPhases = (
				BDB30ACC1B21DF8500D40546 /* Sources */,
				BDB30ACD1B21DF8500D40546 /* Frameworks */,
				BDB30ACE1B21DF8500D40546 /* Resources */,
			);
			buildRules = (
			);
			dependencies = (
				BDB30AD21B21DF8500D40546 /* PBXTargetDependency */,
			);
			name = OOStuffTests;
			productName = OOStuffTests;
			productReference = BDB30AD01B21DF8500D40546 /* OOStuffTests.xctest */;
			productType = "com.apple.product-type.bundle.unit-test";
		};
/* End PBXNativeTarget section */

/* Begin PBXProject section */
		BDB30AAF1B21DF8500D40546 /* Project object */ = {
			isa = PBXProject;
			attributes = {
				LastUpgradeCheck = 0630;
				ORGANIZATIONNAME = flatiron;
				TargetAttributes = {
					BDB30AB61B21DF8500D40546 = {
						CreatedOnToolsVersion = 6.3.2;
					};
					BDB30ACF1B21DF8500D40546 = {
						CreatedOnToolsVersion = 6.3.2;
						TestTargetID = BDB30AB61B21DF8500D40546;
					};
				};
			};
			buildConfigurationList = BDB30AB21B21DF8500D40546 /* Build configuration list for PBXProject "OOStuff" */;
			compatibilityVersion = "Xcode 3.2";
			developmentRegion = English;
			hasScannedForEncodings = 0;
			knownRegions = (
				en,
				Base,
			);
			mainGroup = BDB30AAE1B21DF8500D40546;
			productRefGroup = BDB30AB81B21DF8500D40546 /* Products */;
			projectDirPath = "";
			projectRoot = "";
			targets = (
				BDB30AB61B21DF8500D40546 /* OOStuff */,
				BDB30ACF1B21DF8500D40546 /* OOStuffTests */,
			);
		};
/* End PBXProject section */

/* Begin PBXResourcesBuildPhase section */
		BDB30AB51B21DF8500D40546 /* Resources */ = {
			isa = PBXResourcesBuildPhase;
			buildActionMask = 2147483647;
			files = (
				BDB30AC61B21DF8500D40546 /* Main.storyboard in Resources */,
				BDB30ACB1B21DF8500D40546 /* LaunchScreen.xib in Resources */,
				BDB30AC81B21DF8500D40546 /* Images.xcassets in Resources */,
			);
			runOnlyForDeploymentPostprocessing = 0;
		};
		BDB30ACE1B21DF8500D40546 /* Resources */ = {
			isa = PBXResourcesBuildPhase;
			buildActionMask = 2147483647;
			files = (
			);
			runOnlyForDeploymentPostprocessing = 0;
		};
/* End PBXResourcesBuildPhase section */

/* Begin PBXSourcesBuildPhase section */
		BDB30AB31B21DF8500D40546 /* Sources */ = {
			isa = PBXSourcesBuildPhase;
			buildActionMask = 2147483647;
			files = (
				BDB30AE21B21E1B400D40546 /* Item.m in Sources */,
				BDB30AC31B21DF8500D40546 /* ViewController.m in Sources */,
				BDB30AC01B21DF8500D40546 /* AppDelegate.m in Sources */,
				BDB30ABD1B21DF8500D40546 /* main.m in Sources */,
			);
			runOnlyForDeploymentPostprocessing = 0;
		};
		BDB30ACC1B21DF8500D40546 /* Sources */ = {
			isa = PBXSourcesBuildPhase;
			buildActionMask = 2147483647;
			files = (
				BDB30AD71B21DF8500D40546 /* OOStuffTests.m in Sources */,
			);
			runOnlyForDeploymentPostprocessing = 0;
		};
/* End PBXSourcesBuildPhase section */

/* Begin PBXTargetDependency section */
		BDB30AD21B21DF8500D40546 /* PBXTargetDependency */ = {
			isa = PBXTargetDependency;
			target = BDB30AB61B21DF8500D40546 /* OOStuff */;
			targetProxy = BDB30AD11B21DF8500D40546 /* PBXContainerItemProxy */;
		};
/* End PBXTargetDependency section */

/* Begin PBXVariantGroup section */
		BDB30AC41B21DF8500D40546 /* Main.storyboard */ = {
			isa = PBXVariantGroup;
			children = (
				BDB30AC51B21DF8500D40546 /* Base */,
			);
			name = Main.storyboard;
			sourceTree = "<group>";
		};
		BDB30AC91B21DF8500D40546 /* LaunchScreen.xib */ = {
			isa = PBXVariantGroup;
			children = (
				BDB30ACA1B21DF8500D40546 /* Base */,
			);
			name = LaunchScreen.xib;
			sourceTree = "<group>";
		};
/* End PBXVariantGroup section */

/* Begin XCBuildConfiguration section */
		BDB30AD81B21DF8500D40546 /* Debug */ = {
			isa = XCBuildConfiguration;
			buildSettings = {
				ALWAYS_SEARCH_USER_PATHS = NO;
				CLANG_CXX_LANGUAGE_STANDARD = "gnu++0x";
				CLANG_CXX_LIBRARY = "libc++";
				CLANG_ENABLE_MODULES = YES;
				CLANG_ENABLE_OBJC_ARC = YES;
				CLANG_WARN_BOOL_CONVERSION = YES;
				CLANG_WARN_CONSTANT_CONVERSION = YES;
				CLANG_WARN_DIRECT_OBJC_ISA_USAGE = YES_ERROR;
				CLANG_WARN_EMPTY_BODY = YES;
				CLANG_WARN_ENUM_CONVERSION = YES;
				CLANG_WARN_INT_CONVERSION = YES;
				CLANG_WARN_OBJC_ROOT_CLASS = YES_ERROR;
				CLANG_WARN_UNREACHABLE_CODE = YES;
				CLANG_WARN__DUPLICATE_METHOD_MATCH = YES;
				"CODE_SIGN_IDENTITY[sdk=iphoneos*]" = "iPhone Developer";
				COPY_PHASE_STRIP = NO;
				DEBUG_INFORMATION_FORMAT = "dwarf-with-dsym";
				ENABLE_STRICT_OBJC_MSGSEND = YES;
				GCC_C_LANGUAGE_STANDARD = gnu99;
				GCC_DYNAMIC_NO_PIC = NO;
				GCC_NO_COMMON_BLOCKS = YES;
				GCC_OPTIMIZATION_LEVEL = 0;
				GCC_PREPROCESSOR_DEFINITIONS = (
					"DEBUG=1",
					"$(inherited)",
				);
				GCC_SYMBOLS_PRIVATE_EXTERN = NO;
				GCC_WARN_64_TO_32_BIT_CONVERSION = YES;
				GCC_WARN_ABOUT_RETURN_TYPE = YES_ERROR;
				GCC_WARN_UNDECLARED_SELECTOR = YES;
				GCC_WARN_UNINITIALIZED_AUTOS = YES_AGGRESSIVE;
				GCC_WARN_UNUSED_FUNCTION = YES;
				GCC_WARN_UNUSED_VARIABLE = YES;
				IPHONEOS_DEPLOYMENT_TARGET = 8.3;
				MTL_ENABLE_DEBUG_INFO = YES;
				ONLY_ACTIVE_ARCH = YES;
				SDKROOT = iphoneos;
			};
			name = Debug;
		};
		BDB30AD91B21DF8500D40546 /* Release */ = {
			isa = XCBuildConfiguration;
			buildSettings = {
				ALWAYS_SEARCH_USER_PATHS = NO;
				CLANG_CXX_LANGUAGE_STANDARD = "gnu++0x";
				CLANG_CXX_LIBRARY = "libc++";
				CLANG_ENABLE_MODULES = YES;
				CLANG_ENABLE_OBJC_ARC = YES;
				CLANG_WARN_BOOL_CONVERSION = YES;
				CLANG_WARN_CONSTANT_CONVERSION = YES;
				CLANG_WARN_DIRECT_OBJC_ISA_USAGE = YES_ERROR;
				CLANG_WARN_EMPTY_BODY = YES;
				CLANG_WARN_ENUM_CONVERSION = YES;
				CLANG_WARN_INT_CONVERSION = YES;
				CLANG_WARN_OBJC_ROOT_CLASS = YES_ERROR;
				CLANG_WARN_UNREACHABLE_CODE = YES;
				CLANG_WARN__DUPLICATE_METHOD_MATCH = YES;
				"CODE_SIGN_IDENTITY[sdk=iphoneos*]" = "iPhone Developer";
				COPY_PHASE_STRIP = NO;
				DEBUG_INFORMATION_FORMAT = "dwarf-with-dsym";
				ENABLE_NS_ASSERTIONS = NO;
				ENABLE_STRICT_OBJC_MSGSEND = YES;
				GCC_C_LANGUAGE_STANDARD = gnu99;
				GCC_NO_COMMON_BLOCKS = YES;
				GCC_WARN_64_TO_32_BIT_CONVERSION = YES;
				GCC_WARN_ABOUT_RETURN_TYPE = YES_ERROR;
				GCC_WARN_UNDECLARED_SELECTOR = YES;
				GCC_WARN_UNINITIALIZED_AUTOS = YES_AGGRESSIVE;
				GCC_WARN_UNUSED_FUNCTION = YES;
				GCC_WARN_UNUSED_VARIABLE = YES;
				IPHONEOS_DEPLOYMENT_TARGET = 8.3;
				MTL_ENABLE_DEBUG_INFO = NO;
				SDKROOT = iphoneos;
				VALIDATE_PRODUCT = YES;
			};
			name = Release;
		};
		BDB30ADB1B21DF8500D40546 /* Debug */ = {
			isa = XCBuildConfiguration;
			buildSettings = {
				ASSETCATALOG_COMPILER_APPICON_NAME = AppIcon;
				INFOPLIST_FILE = OOStuff/Info.plist;
				LD_RUNPATH_SEARCH_PATHS = "$(inherited) @executable_path/Frameworks";
				PRODUCT_NAME = "$(TARGET_NAME)";
			};
			name = Debug;
		};
		BDB30ADC1B21DF8500D40546 /* Release */ = {
			isa = XCBuildConfiguration;
			buildSettings = {
				ASSETCATALOG_COMPILER_APPICON_NAME = AppIcon;
				INFOPLIST_FILE = OOStuff/Info.plist;
				LD_RUNPATH_SEARCH_PATHS = "$(inherited) @executable_path/Frameworks";
				PRODUCT_NAME = "$(TARGET_NAME)";
			};
			name = Release;
		};
		BDB30ADE1B21DF8500D40546 /* Debug */ = {
			isa = XCBuildConfiguration;
			buildSettings = {
				BUNDLE_LOADER = "$(TEST_HOST)";
				FRAMEWORK_SEARCH_PATHS = (
					"$(SDKROOT)/Developer/Library/Frameworks",
					"$(inherited)",
				);
				GCC_PREPROCESSOR_DEFINITIONS = (
					"DEBUG=1",
					"$(inherited)",
				);
				INFOPLIST_FILE = OOStuffTests/Info.plist;
				LD_RUNPATH_SEARCH_PATHS = "$(inherited) @executable_path/Frameworks @loader_path/Frameworks";
				PRODUCT_NAME = "$(TARGET_NAME)";
				TEST_HOST = "$(BUILT_PRODUCTS_DIR)/OOStuff.app/OOStuff";
			};
			name = Debug;
		};
		BDB30ADF1B21DF8500D40546 /* Release */ = {
			isa = XCBuildConfiguration;
			buildSettings = {
				BUNDLE_LOADER = "$(TEST_HOST)";
				FRAMEWORK_SEARCH_PATHS = (
					"$(SDKROOT)/Developer/Library/Frameworks",
					"$(inherited)",
				);
				INFOPLIST_FILE = OOStuffTests/Info.plist;
				LD_RUNPATH_SEARCH_PATHS = "$(inherited) @executable_path/Frameworks @loader_path/Frameworks";
				PRODUCT_NAME = "$(TARGET_NAME)";
				TEST_HOST = "$(BUILT_PRODUCTS_DIR)/OOStuff.app/OOStuff";
			};
			name = Release;
		};
/* End XCBuildConfiguration section */

/* Begin XCConfigurationList section */
		BDB30AB21B21DF8500D40546 /* Build configuration list for PBXProject "OOStuff" */ = {
			isa = XCConfigurationList;
			buildConfigurations = (
				BDB30AD81B21DF8500D40546 /* Debug */,
				BDB30AD91B21DF8500D40546 /* Release */,
			);
			defaultConfigurationIsVisible = 0;
			defaultConfigurationName = Release;
		};
		BDB30ADA1B21DF8500D40546 /* Build configuration list for PBXNativeTarget "OOStuff" */ = {
			isa = XCConfigurationList;
			buildConfigurations = (
				BDB30ADB1B21DF8500D40546 /* Debug */,
				BDB30ADC1B21DF8500D40546 /* Release */,
			);
			defaultConfigurationIsVisible = 0;
		};
		BDB30ADD1B21DF8500D40546 /* Build configuration list for PBXNativeTarget "OOStuffTests" */ = {
			isa = XCConfigurationList;
			buildConfigurations = (
				BDB30ADE1B21DF8500D40546 /* Debug */,
				BDB30ADF1B21DF8500D40546 /* Release */,
			);
			defaultConfigurationIsVisible = 0;
		};
/* End XCConfigurationList section */
	};
	rootObject = BDB30AAF1B21DF8500D40546 /* Project object */;
}
