// !$*UTF8*$!
{
	archiveVersion = 1;
	classes = {
	};
	objectVersion = 46;
	objects = {

/* Begin PBXBuildFile section */
		BDD37A891B30AAF5001DCF73 /* main.m in Sources */ = {isa = PBXBuildFile; fileRef = BDD37A881B30AAF5001DCF73 /* main.m */; };
		BDD37A8C1B30AAF5001DCF73 /* AppDelegate.m in Sources */ = {isa = PBXBuildFile; fileRef = BDD37A8B1B30AAF5001DCF73 /* AppDelegate.m */; };
		BDD37A8F1B30AAF5001DCF73 /* ViewController.m in Sources */ = {isa = PBXBuildFile; fileRef = BDD37A8E1B30AAF5001DCF73 /* ViewController.m */; };
		BDD37A921B30AAF5001DCF73 /* Main.storyboard in Resources */ = {isa = PBXBuildFile; fileRef = BDD37A901B30AAF5001DCF73 /* Main.storyboard */; };
		BDD37A941B30AAF5001DCF73 /* Images.xcassets in Resources */ = {isa = PBXBuildFile; fileRef = BDD37A931B30AAF5001DCF73 /* Images.xcassets */; };
		BDD37A971B30AAF5001DCF73 /* LaunchScreen.xib in Resources */ = {isa = PBXBuildFile; fileRef = BDD37A951B30AAF5001DCF73 /* LaunchScreen.xib */; };
		BDD37AA31B30AAF5001DCF73 /* CustomTableViewCellsTests.m in Sources */ = {isa = PBXBuildFile; fileRef = BDD37AA21B30AAF5001DCF73 /* CustomTableViewCellsTests.m */; };
		BDD37AAE1B30ADFB001DCF73 /* TogglableSettingsTableViewCell.m in Sources */ = {isa = PBXBuildFile; fileRef = BDD37AAD1B30ADFB001DCF73 /* TogglableSettingsTableViewCell.m */; };
		BDD37AB11B30B0BE001DCF73 /* AppSetting.m in Sources */ = {isa = PBXBuildFile; fileRef = BDD37AB01B30B0BE001DCF73 /* AppSetting.m */; };
		BDD37AB41B30B4A1001DCF73 /* SliderSettingsTableViewCell.m in Sources */ = {isa = PBXBuildFile; fileRef = BDD37AB31B30B4A1001DCF73 /* SliderSettingsTableViewCell.m */; };
/* End PBXBuildFile section */

/* Begin PBXContainerItemProxy section */
		BDD37A9D1B30AAF5001DCF73 /* PBXContainerItemProxy */ = {
			isa = PBXContainerItemProxy;
			containerPortal = BDD37A7B1B30AAF5001DCF73 /* Project object */;
			proxyType = 1;
			remoteGlobalIDString = BDD37A821B30AAF5001DCF73;
			remoteInfo = CustomTableViewCells;
		};
/* End PBXContainerItemProxy section */

/* Begin PBXFileReference section */
		BDD37A831B30AAF5001DCF73 /* CustomTableViewCells.app */ = {isa = PBXFileReference; explicitFileType = wrapper.application; includeInIndex = 0; path = CustomTableViewCells.app; sourceTree = BUILT_PRODUCTS_DIR; };
		BDD37A871B30AAF5001DCF73 /* Info.plist */ = {isa = PBXFileReference; lastKnownFileType = text.plist.xml; path = Info.plist; sourceTree = "<group>"; };
		BDD37A881B30AAF5001DCF73 /* main.m */ = {isa = PBXFileReference; lastKnownFileType = sourcecode.c.objc; path = main.m; sourceTree = "<group>"; };
		BDD37A8A1B30AAF5001DCF73 /* AppDelegate.h */ = {isa = PBXFileReference; lastKnownFileType = sourcecode.c.h; path = AppDelegate.h; sourceTree = "<group>"; };
		BDD37A8B1B30AAF5001DCF73 /* AppDelegate.m */ = {isa = PBXFileReference; lastKnownFileType = sourcecode.c.objc; path = AppDelegate.m; sourceTree = "<group>"; };
		BDD37A8D1B30AAF5001DCF73 /* ViewController.h */ = {isa = PBXFileReference; lastKnownFileType = sourcecode.c.h; path = ViewController.h; sourceTree = "<group>"; };
		BDD37A8E1B30AAF5001DCF73 /* ViewController.m */ = {isa = PBXFileReference; lastKnownFileType = sourcecode.c.objc; path = ViewController.m; sourceTree = "<group>"; };
		BDD37A911B30AAF5001DCF73 /* Base */ = {isa = PBXFileReference; lastKnownFileType = file.storyboard; name = Base; path = Base.lproj/Main.storyboard; sourceTree = "<group>"; };
		BDD37A931B30AAF5001DCF73 /* Images.xcassets */ = {isa = PBXFileReference; lastKnownFileType = folder.assetcatalog; path = Images.xcassets; sourceTree = "<group>"; };
		BDD37A961B30AAF5001DCF73 /* Base */ = {isa = PBXFileReference; lastKnownFileType = file.xib; name = Base; path = Base.lproj/LaunchScreen.xib; sourceTree = "<group>"; };
		BDD37A9C1B30AAF5001DCF73 /* CustomTableViewCellsTests.xctest */ = {isa = PBXFileReference; explicitFileType = wrapper.cfbundle; includeInIndex = 0; path = CustomTableViewCellsTests.xctest; sourceTree = BUILT_PRODUCTS_DIR; };
		BDD37AA11B30AAF5001DCF73 /* Info.plist */ = {isa = PBXFileReference; lastKnownFileType = text.plist.xml; path = Info.plist; sourceTree = "<group>"; };
		BDD37AA21B30AAF5001DCF73 /* CustomTableViewCellsTests.m */ = {isa = PBXFileReference; lastKnownFileType = sourcecode.c.objc; path = CustomTableViewCellsTests.m; sourceTree = "<group>"; };
		BDD37AAC1B30ADFB001DCF73 /* TogglableSettingsTableViewCell.h */ = {isa = PBXFileReference; fileEncoding = 4; lastKnownFileType = sourcecode.c.h; path = TogglableSettingsTableViewCell.h; sourceTree = "<group>"; };
		BDD37AAD1B30ADFB001DCF73 /* TogglableSettingsTableViewCell.m */ = {isa = PBXFileReference; fileEncoding = 4; lastKnownFileType = sourcecode.c.objc; path = TogglableSettingsTableViewCell.m; sourceTree = "<group>"; };
		BDD37AAF1B30B0BE001DCF73 /* AppSetting.h */ = {isa = PBXFileReference; fileEncoding = 4; lastKnownFileType = sourcecode.c.h; path = AppSetting.h; sourceTree = "<group>"; };
		BDD37AB01B30B0BE001DCF73 /* AppSetting.m */ = {isa = PBXFileReference; fileEncoding = 4; lastKnownFileType = sourcecode.c.objc; path = AppSetting.m; sourceTree = "<group>"; };
		BDD37AB21B30B4A1001DCF73 /* SliderSettingsTableViewCell.h */ = {isa = PBXFileReference; fileEncoding = 4; lastKnownFileType = sourcecode.c.h; path = SliderSettingsTableViewCell.h; sourceTree = "<group>"; };
		BDD37AB31B30B4A1001DCF73 /* SliderSettingsTableViewCell.m */ = {isa = PBXFileReference; fileEncoding = 4; lastKnownFileType = sourcecode.c.objc; path = SliderSettingsTableViewCell.m; sourceTree = "<group>"; };
/* End PBXFileReference section */

/* Begin PBXFrameworksBuildPhase section */
		BDD37A801B30AAF5001DCF73 /* Frameworks */ = {
			isa = PBXFrameworksBuildPhase;
			buildActionMask = 2147483647;
			files = (
			);
			runOnlyForDeploymentPostprocessing = 0;
		};
		BDD37A991B30AAF5001DCF73 /* Frameworks */ = {
			isa = PBXFrameworksBuildPhase;
			buildActionMask = 2147483647;
			files = (
			);
			runOnlyForDeploymentPostprocessing = 0;
		};
/* End PBXFrameworksBuildPhase section */

/* Begin PBXGroup section */
		BDD37A7A1B30AAF5001DCF73 = {
			isa = PBXGroup;
			children = (
				BDD37A851B30AAF5001DCF73 /* CustomTableViewCells */,
				BDD37A9F1B30AAF5001DCF73 /* CustomTableViewCellsTests */,
				BDD37A841B30AAF5001DCF73 /* Products */,
			);
			sourceTree = "<group>";
		};
		BDD37A841B30AAF5001DCF73 /* Products */ = {
			isa = PBXGroup;
			children = (
				BDD37A831B30AAF5001DCF73 /* CustomTableViewCells.app */,
				BDD37A9C1B30AAF5001DCF73 /* CustomTableViewCellsTests.xctest */,
			);
			name = Products;
			sourceTree = "<group>";
		};
		BDD37A851B30AAF5001DCF73 /* CustomTableViewCells */ = {
			isa = PBXGroup;
			children = (
				BDD37A8A1B30AAF5001DCF73 /* AppDelegate.h */,
				BDD37A8B1B30AAF5001DCF73 /* AppDelegate.m */,
				BDD37A8D1B30AAF5001DCF73 /* ViewController.h */,
				BDD37A8E1B30AAF5001DCF73 /* ViewController.m */,
				BDD37A901B30AAF5001DCF73 /* Main.storyboard */,
				BDD37AB21B30B4A1001DCF73 /* SliderSettingsTableViewCell.h */,
				BDD37AB31B30B4A1001DCF73 /* SliderSettingsTableViewCell.m */,
				BDD37AAC1B30ADFB001DCF73 /* TogglableSettingsTableViewCell.h */,
				BDD37AAD1B30ADFB001DCF73 /* TogglableSettingsTableViewCell.m */,
				BDD37A931B30AAF5001DCF73 /* Images.xcassets */,
				BDD37A951B30AAF5001DCF73 /* LaunchScreen.xib */,
				BDD37A861B30AAF5001DCF73 /* Supporting Files */,
				BDD37AAF1B30B0BE001DCF73 /* AppSetting.h */,
				BDD37AB01B30B0BE001DCF73 /* AppSetting.m */,
			);
			path = CustomTableViewCells;
			sourceTree = "<group>";
		};
		BDD37A861B30AAF5001DCF73 /* Supporting Files */ = {
			isa = PBXGroup;
			children = (
				BDD37A871B30AAF5001DCF73 /* Info.plist */,
				BDD37A881B30AAF5001DCF73 /* main.m */,
			);
			name = "Supporting Files";
			sourceTree = "<group>";
		};
		BDD37A9F1B30AAF5001DCF73 /* CustomTableViewCellsTests */ = {
			isa = PBXGroup;
			children = (
				BDD37AA21B30AAF5001DCF73 /* CustomTableViewCellsTests.m */,
				BDD37AA01B30AAF5001DCF73 /* Supporting Files */,
			);
			path = CustomTableViewCellsTests;
			sourceTree = "<group>";
		};
		BDD37AA01B30AAF5001DCF73 /* Supporting Files */ = {
			isa = PBXGroup;
			children = (
				BDD37AA11B30AAF5001DCF73 /* Info.plist */,
			);
			name = "Supporting Files";
			sourceTree = "<group>";
		};
/* End PBXGroup section */

/* Begin PBXNativeTarget section */
		BDD37A821B30AAF5001DCF73 /* CustomTableViewCells */ = {
			isa = PBXNativeTarget;
			buildConfigurationList = BDD37AA61B30AAF5001DCF73 /* Build configuration list for PBXNativeTarget "CustomTableViewCells" */;
			buildPhases = (
				BDD37A7F1B30AAF5001DCF73 /* Sources */,
				BDD37A801B30AAF5001DCF73 /* Frameworks */,
				BDD37A811B30AAF5001DCF73 /* Resources */,
			);
			buildRules = (
			);
			dependencies = (
			);
			name = CustomTableViewCells;
			productName = CustomTableViewCells;
			productReference = BDD37A831B30AAF5001DCF73 /* CustomTableViewCells.app */;
			productType = "com.apple.product-type.application";
		};
		BDD37A9B1B30AAF5001DCF73 /* CustomTableViewCellsTests */ = {
			isa = PBXNativeTarget;
			buildConfigurationList = BDD37AA91B30AAF5001DCF73 /* Build configuration list for PBXNativeTarget "CustomTableViewCellsTests" */;
			buildPhases = (
				BDD37A981B30AAF5001DCF73 /* Sources */,
				BDD37A991B30AAF5001DCF73 /* Frameworks */,
				BDD37A9A1B30AAF5001DCF73 /* Resources */,
			);
			buildRules = (
			);
			dependencies = (
				BDD37A9E1B30AAF5001DCF73 /* PBXTargetDependency */,
			);
			name = CustomTableViewCellsTests;
			productName = CustomTableViewCellsTests;
			productReference = BDD37A9C1B30AAF5001DCF73 /* CustomTableViewCellsTests.xctest */;
			productType = "com.apple.product-type.bundle.unit-test";
		};
/* End PBXNativeTarget section */

/* Begin PBXProject section */
		BDD37A7B1B30AAF5001DCF73 /* Project object */ = {
			isa = PBXProject;
			attributes = {
				LastUpgradeCheck = 0630;
				ORGANIZATIONNAME = "Flatiron School";
				TargetAttributes = {
					BDD37A821B30AAF5001DCF73 = {
						CreatedOnToolsVersion = 6.3.2;
					};
					BDD37A9B1B30AAF5001DCF73 = {
						CreatedOnToolsVersion = 6.3.2;
						TestTargetID = BDD37A821B30AAF5001DCF73;
					};
				};
			};
			buildConfigurationList = BDD37A7E1B30AAF5001DCF73 /* Build configuration list for PBXProject "CustomTableViewCells" */;
			compatibilityVersion = "Xcode 3.2";
			developmentRegion = English;
			hasScannedForEncodings = 0;
			knownRegions = (
				en,
				Base,
			);
			mainGroup = BDD37A7A1B30AAF5001DCF73;
			productRefGroup = BDD37A841B30AAF5001DCF73 /* Products */;
			projectDirPath = "";
			projectRoot = "";
			targets = (
				BDD37A821B30AAF5001DCF73 /* CustomTableViewCells */,
				BDD37A9B1B30AAF5001DCF73 /* CustomTableViewCellsTests */,
			);
		};
/* End PBXProject section */

/* Begin PBXResourcesBuildPhase section */
		BDD37A811B30AAF5001DCF73 /* Resources */ = {
			isa = PBXResourcesBuildPhase;
			buildActionMask = 2147483647;
			files = (
				BDD37A921B30AAF5001DCF73 /* Main.storyboard in Resources */,
				BDD37A971B30AAF5001DCF73 /* LaunchScreen.xib in Resources */,
				BDD37A941B30AAF5001DCF73 /* Images.xcassets in Resources */,
			);
			runOnlyForDeploymentPostprocessing = 0;
		};
		BDD37A9A1B30AAF5001DCF73 /* Resources */ = {
			isa = PBXResourcesBuildPhase;
			buildActionMask = 2147483647;
			files = (
			);
			runOnlyForDeploymentPostprocessing = 0;
		};
/* End PBXResourcesBuildPhase section */

/* Begin PBXSourcesBuildPhase section */
		BDD37A7F1B30AAF5001DCF73 /* Sources */ = {
			isa = PBXSourcesBuildPhase;
			buildActionMask = 2147483647;
			files = (
				BDD37AAE1B30ADFB001DCF73 /* TogglableSettingsTableViewCell.m in Sources */,
				BDD37A8F1B30AAF5001DCF73 /* ViewController.m in Sources */,
				BDD37A8C1B30AAF5001DCF73 /* AppDelegate.m in Sources */,
				BDD37AB41B30B4A1001DCF73 /* SliderSettingsTableViewCell.m in Sources */,
				BDD37AB11B30B0BE001DCF73 /* AppSetting.m in Sources */,
				BDD37A891B30AAF5001DCF73 /* main.m in Sources */,
			);
			runOnlyForDeploymentPostprocessing = 0;
		};
		BDD37A981B30AAF5001DCF73 /* Sources */ = {
			isa = PBXSourcesBuildPhase;
			buildActionMask = 2147483647;
			files = (
				BDD37AA31B30AAF5001DCF73 /* CustomTableViewCellsTests.m in Sources */,
			);
			runOnlyForDeploymentPostprocessing = 0;
		};
/* End PBXSourcesBuildPhase section */

/* Begin PBXTargetDependency section */
		BDD37A9E1B30AAF5001DCF73 /* PBXTargetDependency */ = {
			isa = PBXTargetDependency;
			target = BDD37A821B30AAF5001DCF73 /* CustomTableViewCells */;
			targetProxy = BDD37A9D1B30AAF5001DCF73 /* PBXContainerItemProxy */;
		};
/* End PBXTargetDependency section */

/* Begin PBXVariantGroup section */
		BDD37A901B30AAF5001DCF73 /* Main.storyboard */ = {
			isa = PBXVariantGroup;
			children = (
				BDD37A911B30AAF5001DCF73 /* Base */,
			);
			name = Main.storyboard;
			sourceTree = "<group>";
		};
		BDD37A951B30AAF5001DCF73 /* LaunchScreen.xib */ = {
			isa = PBXVariantGroup;
			children = (
				BDD37A961B30AAF5001DCF73 /* Base */,
			);
			name = LaunchScreen.xib;
			sourceTree = "<group>";
		};
/* End PBXVariantGroup section */

/* Begin XCBuildConfiguration section */
		BDD37AA41B30AAF5001DCF73 /* Debug */ = {
			isa = XCBuildConfiguration;
			buildSettings = {
				ALWAYS_SEARCH_USER_PATHS = NO;
				CLANG_CXX_LANGUAGE_STANDARD = "gnu++0x";
				CLANG_CXX_LIBRARY = "libc++";
				CLANG_ENABLE_MODULES = YES;
				CLANG_ENABLE_OBJC_ARC = YES;
				CLANG_WARN_BOOL_CONVERSION = YES;
				CLANG_WARN_CONSTANT_CONVERSION = YES;
				CLANG_WARN_DIRECT_OBJC_ISA_USAGE = YES_ERROR;
				CLANG_WARN_EMPTY_BODY = YES;
				CLANG_WARN_ENUM_CONVERSION = YES;
				CLANG_WARN_INT_CONVERSION = YES;
				CLANG_WARN_OBJC_ROOT_CLASS = YES_ERROR;
				CLANG_WARN_UNREACHABLE_CODE = YES;
				CLANG_WARN__DUPLICATE_METHOD_MATCH = YES;
				"CODE_SIGN_IDENTITY[sdk=iphoneos*]" = "iPhone Developer";
				COPY_PHASE_STRIP = NO;
				DEBUG_INFORMATION_FORMAT = "dwarf-with-dsym";
				ENABLE_STRICT_OBJC_MSGSEND = YES;
				GCC_C_LANGUAGE_STANDARD = gnu99;
				GCC_DYNAMIC_NO_PIC = NO;
				GCC_NO_COMMON_BLOCKS = YES;
				GCC_OPTIMIZATION_LEVEL = 0;
				GCC_PREPROCESSOR_DEFINITIONS = (
					"DEBUG=1",
					"$(inherited)",
				);
				GCC_SYMBOLS_PRIVATE_EXTERN = NO;
				GCC_WARN_64_TO_32_BIT_CONVERSION = YES;
				GCC_WARN_ABOUT_RETURN_TYPE = YES_ERROR;
				GCC_WARN_UNDECLARED_SELECTOR = YES;
				GCC_WARN_UNINITIALIZED_AUTOS = YES_AGGRESSIVE;
				GCC_WARN_UNUSED_FUNCTION = YES;
				GCC_WARN_UNUSED_VARIABLE = YES;
				IPHONEOS_DEPLOYMENT_TARGET = 8.3;
				MTL_ENABLE_DEBUG_INFO = YES;
				ONLY_ACTIVE_ARCH = YES;
				SDKROOT = iphoneos;
			};
			name = Debug;
		};
		BDD37AA51B30AAF5001DCF73 /* Release */ = {
			isa = XCBuildConfiguration;
			buildSettings = {
				ALWAYS_SEARCH_USER_PATHS = NO;
				CLANG_CXX_LANGUAGE_STANDARD = "gnu++0x";
				CLANG_CXX_LIBRARY = "libc++";
				CLANG_ENABLE_MODULES = YES;
				CLANG_ENABLE_OBJC_ARC = YES;
				CLANG_WARN_BOOL_CONVERSION = YES;
				CLANG_WARN_CONSTANT_CONVERSION = YES;
				CLANG_WARN_DIRECT_OBJC_ISA_USAGE = YES_ERROR;
				CLANG_WARN_EMPTY_BODY = YES;
				CLANG_WARN_ENUM_CONVERSION = YES;
				CLANG_WARN_INT_CONVERSION = YES;
				CLANG_WARN_OBJC_ROOT_CLASS = YES_ERROR;
				CLANG_WARN_UNREACHABLE_CODE = YES;
				CLANG_WARN__DUPLICATE_METHOD_MATCH = YES;
				"CODE_SIGN_IDENTITY[sdk=iphoneos*]" = "iPhone Developer";
				COPY_PHASE_STRIP = NO;
				DEBUG_INFORMATION_FORMAT = "dwarf-with-dsym";
				ENABLE_NS_ASSERTIONS = NO;
				ENABLE_STRICT_OBJC_MSGSEND = YES;
				GCC_C_LANGUAGE_STANDARD = gnu99;
				GCC_NO_COMMON_BLOCKS = YES;
				GCC_WARN_64_TO_32_BIT_CONVERSION = YES;
				GCC_WARN_ABOUT_RETURN_TYPE = YES_ERROR;
				GCC_WARN_UNDECLARED_SELECTOR = YES;
				GCC_WARN_UNINITIALIZED_AUTOS = YES_AGGRESSIVE;
				GCC_WARN_UNUSED_FUNCTION = YES;
				GCC_WARN_UNUSED_VARIABLE = YES;
				IPHONEOS_DEPLOYMENT_TARGET = 8.3;
				MTL_ENABLE_DEBUG_INFO = NO;
				SDKROOT = iphoneos;
				VALIDATE_PRODUCT = YES;
			};
			name = Release;
		};
		BDD37AA71B30AAF5001DCF73 /* Debug */ = {
			isa = XCBuildConfiguration;
			buildSettings = {
				ASSETCATALOG_COMPILER_APPICON_NAME = AppIcon;
				INFOPLIST_FILE = CustomTableViewCells/Info.plist;
				LD_RUNPATH_SEARCH_PATHS = "$(inherited) @executable_path/Frameworks";
				PRODUCT_NAME = "$(TARGET_NAME)";
			};
			name = Debug;
		};
		BDD37AA81B30AAF5001DCF73 /* Release */ = {
			isa = XCBuildConfiguration;
			buildSettings = {
				ASSETCATALOG_COMPILER_APPICON_NAME = AppIcon;
				INFOPLIST_FILE = CustomTableViewCells/Info.plist;
				LD_RUNPATH_SEARCH_PATHS = "$(inherited) @executable_path/Frameworks";
				PRODUCT_NAME = "$(TARGET_NAME)";
			};
			name = Release;
		};
		BDD37AAA1B30AAF5001DCF73 /* Debug */ = {
			isa = XCBuildConfiguration;
			buildSettings = {
				BUNDLE_LOADER = "$(TEST_HOST)";
				FRAMEWORK_SEARCH_PATHS = (
					"$(SDKROOT)/Developer/Library/Frameworks",
					"$(inherited)",
				);
				GCC_PREPROCESSOR_DEFINITIONS = (
					"DEBUG=1",
					"$(inherited)",
				);
				INFOPLIST_FILE = CustomTableViewCellsTests/Info.plist;
				LD_RUNPATH_SEARCH_PATHS = "$(inherited) @executable_path/Frameworks @loader_path/Frameworks";
				PRODUCT_NAME = "$(TARGET_NAME)";
				TEST_HOST = "$(BUILT_PRODUCTS_DIR)/CustomTableViewCells.app/CustomTableViewCells";
			};
			name = Debug;
		};
		BDD37AAB1B30AAF5001DCF73 /* Release */ = {
			isa = XCBuildConfiguration;
			buildSettings = {
				BUNDLE_LOADER = "$(TEST_HOST)";
				FRAMEWORK_SEARCH_PATHS = (
					"$(SDKROOT)/Developer/Library/Frameworks",
					"$(inherited)",
				);
				INFOPLIST_FILE = CustomTableViewCellsTests/Info.plist;
				LD_RUNPATH_SEARCH_PATHS = "$(inherited) @executable_path/Frameworks @loader_path/Frameworks";
				PRODUCT_NAME = "$(TARGET_NAME)";
				TEST_HOST = "$(BUILT_PRODUCTS_DIR)/CustomTableViewCells.app/CustomTableViewCells";
			};
			name = Release;
		};
/* End XCBuildConfiguration section */

/* Begin XCConfigurationList section */
		BDD37A7E1B30AAF5001DCF73 /* Build configuration list for PBXProject "CustomTableViewCells" */ = {
			isa = XCConfigurationList;
			buildConfigurations = (
				BDD37AA41B30AAF5001DCF73 /* Debug */,
				BDD37AA51B30AAF5001DCF73 /* Release */,
			);
			defaultConfigurationIsVisible = 0;
			defaultConfigurationName = Release;
		};
		BDD37AA61B30AAF5001DCF73 /* Build configuration list for PBXNativeTarget "CustomTableViewCells" */ = {
			isa = XCConfigurationList;
			buildConfigurations = (
				BDD37AA71B30AAF5001DCF73 /* Debug */,
				BDD37AA81B30AAF5001DCF73 /* Release */,
			);
			defaultConfigurationIsVisible = 0;
		};
		BDD37AA91B30AAF5001DCF73 /* Build configuration list for PBXNativeTarget "CustomTableViewCellsTests" */ = {
			isa = XCConfigurationList;
			buildConfigurations = (
				BDD37AAA1B30AAF5001DCF73 /* Debug */,
				BDD37AAB1B30AAF5001DCF73 /* Release */,
			);
			defaultConfigurationIsVisible = 0;
		};
/* End XCConfigurationList section */
	};
	rootObject = BDD37A7B1B30AAF5001DCF73 /* Project object */;
}
