// !$*UTF8*$!
{
	archiveVersion = 1;
	classes = {
	};
	objectVersion = 46;
	objects = {

/* Begin PBXBuildFile section */
		BD008C301B41BDB600F8D04C /* main.m in Sources */ = {isa = PBXBuildFile; fileRef = BD008C2F1B41BDB600F8D04C /* main.m */; };
		BD008C331B41BDB600F8D04C /* AppDelegate.m in Sources */ = {isa = PBXBuildFile; fileRef = BD008C321B41BDB600F8D04C /* AppDelegate.m */; };
		BD008C361B41BDB600F8D04C /* ViewController.m in Sources */ = {isa = PBXBuildFile; fileRef = BD008C351B41BDB600F8D04C /* ViewController.m */; };
		BD008C391B41BDB600F8D04C /* Main.storyboard in Resources */ = {isa = PBXBuildFile; fileRef = BD008C371B41BDB600F8D04C /* Main.storyboard */; };
		BD008C3B1B41BDB600F8D04C /* Images.xcassets in Resources */ = {isa = PBXBuildFile; fileRef = BD008C3A1B41BDB600F8D04C /* Images.xcassets */; };
		BD008C3E1B41BDB600F8D04C /* LaunchScreen.xib in Resources */ = {isa = PBXBuildFile; fileRef = BD008C3C1B41BDB600F8D04C /* LaunchScreen.xib */; };
		BD008C4A1B41BDB600F8D04C /* BasicAutoLayoutTests.m in Sources */ = {isa = PBXBuildFile; fileRef = BD008C491B41BDB600F8D04C /* BasicAutoLayoutTests.m */; };
/* End PBXBuildFile section */

/* Begin PBXContainerItemProxy section */
		BD008C441B41BDB600F8D04C /* PBXContainerItemProxy */ = {
			isa = PBXContainerItemProxy;
			containerPortal = BD008C221B41BDB600F8D04C /* Project object */;
			proxyType = 1;
			remoteGlobalIDString = BD008C291B41BDB600F8D04C;
			remoteInfo = BasicAutoLayout;
		};
/* End PBXContainerItemProxy section */

/* Begin PBXFileReference section */
		BD008C2A1B41BDB600F8D04C /* BasicAutoLayout.app */ = {isa = PBXFileReference; explicitFileType = wrapper.application; includeInIndex = 0; path = BasicAutoLayout.app; sourceTree = BUILT_PRODUCTS_DIR; };
		BD008C2E1B41BDB600F8D04C /* Info.plist */ = {isa = PBXFileReference; lastKnownFileType = text.plist.xml; path = Info.plist; sourceTree = "<group>"; };
		BD008C2F1B41BDB600F8D04C /* main.m */ = {isa = PBXFileReference; lastKnownFileType = sourcecode.c.objc; path = main.m; sourceTree = "<group>"; };
		BD008C311B41BDB600F8D04C /* AppDelegate.h */ = {isa = PBXFileReference; lastKnownFileType = sourcecode.c.h; path = AppDelegate.h; sourceTree = "<group>"; };
		BD008C321B41BDB600F8D04C /* AppDelegate.m */ = {isa = PBXFileReference; lastKnownFileType = sourcecode.c.objc; path = AppDelegate.m; sourceTree = "<group>"; };
		BD008C341B41BDB600F8D04C /* ViewController.h */ = {isa = PBXFileReference; lastKnownFileType = sourcecode.c.h; path = ViewController.h; sourceTree = "<group>"; };
		BD008C351B41BDB600F8D04C /* ViewController.m */ = {isa = PBXFileReference; lastKnownFileType = sourcecode.c.objc; path = ViewController.m; sourceTree = "<group>"; };
		BD008C381B41BDB600F8D04C /* Base */ = {isa = PBXFileReference; lastKnownFileType = file.storyboard; name = Base; path = Base.lproj/Main.storyboard; sourceTree = "<group>"; };
		BD008C3A1B41BDB600F8D04C /* Images.xcassets */ = {isa = PBXFileReference; lastKnownFileType = folder.assetcatalog; path = Images.xcassets; sourceTree = "<group>"; };
		BD008C3D1B41BDB600F8D04C /* Base */ = {isa = PBXFileReference; lastKnownFileType = file.xib; name = Base; path = Base.lproj/LaunchScreen.xib; sourceTree = "<group>"; };
		BD008C431B41BDB600F8D04C /* BasicAutoLayoutTests.xctest */ = {isa = PBXFileReference; explicitFileType = wrapper.cfbundle; includeInIndex = 0; path = BasicAutoLayoutTests.xctest; sourceTree = BUILT_PRODUCTS_DIR; };
		BD008C481B41BDB600F8D04C /* Info.plist */ = {isa = PBXFileReference; lastKnownFileType = text.plist.xml; path = Info.plist; sourceTree = "<group>"; };
		BD008C491B41BDB600F8D04C /* BasicAutoLayoutTests.m */ = {isa = PBXFileReference; lastKnownFileType = sourcecode.c.objc; path = BasicAutoLayoutTests.m; sourceTree = "<group>"; };
/* End PBXFileReference section */

/* Begin PBXFrameworksBuildPhase section */
		BD008C271B41BDB600F8D04C /* Frameworks */ = {
			isa = PBXFrameworksBuildPhase;
			buildActionMask = 2147483647;
			files = (
			);
			runOnlyForDeploymentPostprocessing = 0;
		};
		BD008C401B41BDB600F8D04C /* Frameworks */ = {
			isa = PBXFrameworksBuildPhase;
			buildActionMask = 2147483647;
			files = (
			);
			runOnlyForDeploymentPostprocessing = 0;
		};
/* End PBXFrameworksBuildPhase section */

/* Begin PBXGroup section */
		BD008C211B41BDB600F8D04C = {
			isa = PBXGroup;
			children = (
				BD008C2C1B41BDB600F8D04C /* BasicAutoLayout */,
				BD008C461B41BDB600F8D04C /* BasicAutoLayoutTests */,
				BD008C2B1B41BDB600F8D04C /* Products */,
			);
			sourceTree = "<group>";
		};
		BD008C2B1B41BDB600F8D04C /* Products */ = {
			isa = PBXGroup;
			children = (
				BD008C2A1B41BDB600F8D04C /* BasicAutoLayout.app */,
				BD008C431B41BDB600F8D04C /* BasicAutoLayoutTests.xctest */,
			);
			name = Products;
			sourceTree = "<group>";
		};
		BD008C2C1B41BDB600F8D04C /* BasicAutoLayout */ = {
			isa = PBXGroup;
			children = (
				BD008C311B41BDB600F8D04C /* AppDelegate.h */,
				BD008C321B41BDB600F8D04C /* AppDelegate.m */,
				BD008C341B41BDB600F8D04C /* ViewController.h */,
				BD008C351B41BDB600F8D04C /* ViewController.m */,
				BD008C371B41BDB600F8D04C /* Main.storyboard */,
				BD008C3A1B41BDB600F8D04C /* Images.xcassets */,
				BD008C3C1B41BDB600F8D04C /* LaunchScreen.xib */,
				BD008C2D1B41BDB600F8D04C /* Supporting Files */,
			);
			path = BasicAutoLayout;
			sourceTree = "<group>";
		};
		BD008C2D1B41BDB600F8D04C /* Supporting Files */ = {
			isa = PBXGroup;
			children = (
				BD008C2E1B41BDB600F8D04C /* Info.plist */,
				BD008C2F1B41BDB600F8D04C /* main.m */,
			);
			name = "Supporting Files";
			sourceTree = "<group>";
		};
		BD008C461B41BDB600F8D04C /* BasicAutoLayoutTests */ = {
			isa = PBXGroup;
			children = (
				BD008C491B41BDB600F8D04C /* BasicAutoLayoutTests.m */,
				BD008C471B41BDB600F8D04C /* Supporting Files */,
			);
			path = BasicAutoLayoutTests;
			sourceTree = "<group>";
		};
		BD008C471B41BDB600F8D04C /* Supporting Files */ = {
			isa = PBXGroup;
			children = (
				BD008C481B41BDB600F8D04C /* Info.plist */,
			);
			name = "Supporting Files";
			sourceTree = "<group>";
		};
/* End PBXGroup section */

/* Begin PBXNativeTarget section */
		BD008C291B41BDB600F8D04C /* BasicAutoLayout */ = {
			isa = PBXNativeTarget;
			buildConfigurationList = BD008C4D1B41BDB600F8D04C /* Build configuration list for PBXNativeTarget "BasicAutoLayout" */;
			buildPhases = (
				BD008C261B41BDB600F8D04C /* Sources */,
				BD008C271B41BDB600F8D04C /* Frameworks */,
				BD008C281B41BDB600F8D04C /* Resources */,
			);
			buildRules = (
			);
			dependencies = (
			);
			name = BasicAutoLayout;
			productName = BasicAutoLayout;
			productReference = BD008C2A1B41BDB600F8D04C /* BasicAutoLayout.app */;
			productType = "com.apple.product-type.application";
		};
		BD008C421B41BDB600F8D04C /* BasicAutoLayoutTests */ = {
			isa = PBXNativeTarget;
			buildConfigurationList = BD008C501B41BDB600F8D04C /* Build configuration list for PBXNativeTarget "BasicAutoLayoutTests" */;
			buildPhases = (
				BD008C3F1B41BDB600F8D04C /* Sources */,
				BD008C401B41BDB600F8D04C /* Frameworks */,
				BD008C411B41BDB600F8D04C /* Resources */,
			);
			buildRules = (
			);
			dependencies = (
				BD008C451B41BDB600F8D04C /* PBXTargetDependency */,
			);
			name = BasicAutoLayoutTests;
			productName = BasicAutoLayoutTests;
			productReference = BD008C431B41BDB600F8D04C /* BasicAutoLayoutTests.xctest */;
			productType = "com.apple.product-type.bundle.unit-test";
		};
/* End PBXNativeTarget section */

/* Begin PBXProject section */
		BD008C221B41BDB600F8D04C /* Project object */ = {
			isa = PBXProject;
			attributes = {
				LastUpgradeCheck = 0630;
				ORGANIZATIONNAME = "Flatiron School";
				TargetAttributes = {
					BD008C291B41BDB600F8D04C = {
						CreatedOnToolsVersion = 6.3.2;
					};
					BD008C421B41BDB600F8D04C = {
						CreatedOnToolsVersion = 6.3.2;
						TestTargetID = BD008C291B41BDB600F8D04C;
					};
				};
			};
			buildConfigurationList = BD008C251B41BDB600F8D04C /* Build configuration list for PBXProject "BasicAutoLayout" */;
			compatibilityVersion = "Xcode 3.2";
			developmentRegion = English;
			hasScannedForEncodings = 0;
			knownRegions = (
				en,
				Base,
			);
			mainGroup = BD008C211B41BDB600F8D04C;
			productRefGroup = BD008C2B1B41BDB600F8D04C /* Products */;
			projectDirPath = "";
			projectRoot = "";
			targets = (
				BD008C291B41BDB600F8D04C /* BasicAutoLayout */,
				BD008C421B41BDB600F8D04C /* BasicAutoLayoutTests */,
			);
		};
/* End PBXProject section */

/* Begin PBXResourcesBuildPhase section */
		BD008C281B41BDB600F8D04C /* Resources */ = {
			isa = PBXResourcesBuildPhase;
			buildActionMask = 2147483647;
			files = (
				BD008C391B41BDB600F8D04C /* Main.storyboard in Resources */,
				BD008C3E1B41BDB600F8D04C /* LaunchScreen.xib in Resources */,
				BD008C3B1B41BDB600F8D04C /* Images.xcassets in Resources */,
			);
			runOnlyForDeploymentPostprocessing = 0;
		};
		BD008C411B41BDB600F8D04C /* Resources */ = {
			isa = PBXResourcesBuildPhase;
			buildActionMask = 2147483647;
			files = (
			);
			runOnlyForDeploymentPostprocessing = 0;
		};
/* End PBXResourcesBuildPhase section */

/* Begin PBXSourcesBuildPhase section */
		BD008C261B41BDB600F8D04C /* Sources */ = {
			isa = PBXSourcesBuildPhase;
			buildActionMask = 2147483647;
			files = (
				BD008C361B41BDB600F8D04C /* ViewController.m in Sources */,
				BD008C331B41BDB600F8D04C /* AppDelegate.m in Sources */,
				BD008C301B41BDB600F8D04C /* main.m in Sources */,
			);
			runOnlyForDeploymentPostprocessing = 0;
		};
		BD008C3F1B41BDB600F8D04C /* Sources */ = {
			isa = PBXSourcesBuildPhase;
			buildActionMask = 2147483647;
			files = (
				BD008C4A1B41BDB600F8D04C /* BasicAutoLayoutTests.m in Sources */,
			);
			runOnlyForDeploymentPostprocessing = 0;
		};
/* End PBXSourcesBuildPhase section */

/* Begin PBXTargetDependency section */
		BD008C451B41BDB600F8D04C /* PBXTargetDependency */ = {
			isa = PBXTargetDependency;
			target = BD008C291B41BDB600F8D04C /* BasicAutoLayout */;
			targetProxy = BD008C441B41BDB600F8D04C /* PBXContainerItemProxy */;
		};
/* End PBXTargetDependency section */

/* Begin PBXVariantGroup section */
		BD008C371B41BDB600F8D04C /* Main.storyboard */ = {
			isa = PBXVariantGroup;
			children = (
				BD008C381B41BDB600F8D04C /* Base */,
			);
			name = Main.storyboard;
			sourceTree = "<group>";
		};
		BD008C3C1B41BDB600F8D04C /* LaunchScreen.xib */ = {
			isa = PBXVariantGroup;
			children = (
				BD008C3D1B41BDB600F8D04C /* Base */,
			);
			name = LaunchScreen.xib;
			sourceTree = "<group>";
		};
/* End PBXVariantGroup section */

/* Begin XCBuildConfiguration section */
		BD008C4B1B41BDB600F8D04C /* Debug */ = {
			isa = XCBuildConfiguration;
			buildSettings = {
				ALWAYS_SEARCH_USER_PATHS = NO;
				CLANG_CXX_LANGUAGE_STANDARD = "gnu++0x";
				CLANG_CXX_LIBRARY = "libc++";
				CLANG_ENABLE_MODULES = YES;
				CLANG_ENABLE_OBJC_ARC = YES;
				CLANG_WARN_BOOL_CONVERSION = YES;
				CLANG_WARN_CONSTANT_CONVERSION = YES;
				CLANG_WARN_DIRECT_OBJC_ISA_USAGE = YES_ERROR;
				CLANG_WARN_EMPTY_BODY = YES;
				CLANG_WARN_ENUM_CONVERSION = YES;
				CLANG_WARN_INT_CONVERSION = YES;
				CLANG_WARN_OBJC_ROOT_CLASS = YES_ERROR;
				CLANG_WARN_UNREACHABLE_CODE = YES;
				CLANG_WARN__DUPLICATE_METHOD_MATCH = YES;
				"CODE_SIGN_IDENTITY[sdk=iphoneos*]" = "iPhone Developer";
				COPY_PHASE_STRIP = NO;
				DEBUG_INFORMATION_FORMAT = "dwarf-with-dsym";
				ENABLE_STRICT_OBJC_MSGSEND = YES;
				GCC_C_LANGUAGE_STANDARD = gnu99;
				GCC_DYNAMIC_NO_PIC = NO;
				GCC_NO_COMMON_BLOCKS = YES;
				GCC_OPTIMIZATION_LEVEL = 0;
				GCC_PREPROCESSOR_DEFINITIONS = (
					"DEBUG=1",
					"$(inherited)",
				);
				GCC_SYMBOLS_PRIVATE_EXTERN = NO;
				GCC_WARN_64_TO_32_BIT_CONVERSION = YES;
				GCC_WARN_ABOUT_RETURN_TYPE = YES_ERROR;
				GCC_WARN_UNDECLARED_SELECTOR = YES;
				GCC_WARN_UNINITIALIZED_AUTOS = YES_AGGRESSIVE;
				GCC_WARN_UNUSED_FUNCTION = YES;
				GCC_WARN_UNUSED_VARIABLE = YES;
				IPHONEOS_DEPLOYMENT_TARGET = 8.3;
				MTL_ENABLE_DEBUG_INFO = YES;
				ONLY_ACTIVE_ARCH = YES;
				SDKROOT = iphoneos;
			};
			name = Debug;
		};
		BD008C4C1B41BDB600F8D04C /* Release */ = {
			isa = XCBuildConfiguration;
			buildSettings = {
				ALWAYS_SEARCH_USER_PATHS = NO;
				CLANG_CXX_LANGUAGE_STANDARD = "gnu++0x";
				CLANG_CXX_LIBRARY = "libc++";
				CLANG_ENABLE_MODULES = YES;
				CLANG_ENABLE_OBJC_ARC = YES;
				CLANG_WARN_BOOL_CONVERSION = YES;
				CLANG_WARN_CONSTANT_CONVERSION = YES;
				CLANG_WARN_DIRECT_OBJC_ISA_USAGE = YES_ERROR;
				CLANG_WARN_EMPTY_BODY = YES;
				CLANG_WARN_ENUM_CONVERSION = YES;
				CLANG_WARN_INT_CONVERSION = YES;
				CLANG_WARN_OBJC_ROOT_CLASS = YES_ERROR;
				CLANG_WARN_UNREACHABLE_CODE = YES;
				CLANG_WARN__DUPLICATE_METHOD_MATCH = YES;
				"CODE_SIGN_IDENTITY[sdk=iphoneos*]" = "iPhone Developer";
				COPY_PHASE_STRIP = NO;
				DEBUG_INFORMATION_FORMAT = "dwarf-with-dsym";
				ENABLE_NS_ASSERTIONS = NO;
				ENABLE_STRICT_OBJC_MSGSEND = YES;
				GCC_C_LANGUAGE_STANDARD = gnu99;
				GCC_NO_COMMON_BLOCKS = YES;
				GCC_WARN_64_TO_32_BIT_CONVERSION = YES;
				GCC_WARN_ABOUT_RETURN_TYPE = YES_ERROR;
				GCC_WARN_UNDECLARED_SELECTOR = YES;
				GCC_WARN_UNINITIALIZED_AUTOS = YES_AGGRESSIVE;
				GCC_WARN_UNUSED_FUNCTION = YES;
				GCC_WARN_UNUSED_VARIABLE = YES;
				IPHONEOS_DEPLOYMENT_TARGET = 8.3;
				MTL_ENABLE_DEBUG_INFO = NO;
				SDKROOT = iphoneos;
				VALIDATE_PRODUCT = YES;
			};
			name = Release;
		};
		BD008C4E1B41BDB600F8D04C /* Debug */ = {
			isa = XCBuildConfiguration;
			buildSettings = {
				ASSETCATALOG_COMPILER_APPICON_NAME = AppIcon;
				INFOPLIST_FILE = BasicAutoLayout/Info.plist;
				LD_RUNPATH_SEARCH_PATHS = "$(inherited) @executable_path/Frameworks";
				PRODUCT_NAME = "$(TARGET_NAME)";
			};
			name = Debug;
		};
		BD008C4F1B41BDB600F8D04C /* Release */ = {
			isa = XCBuildConfiguration;
			buildSettings = {
				ASSETCATALOG_COMPILER_APPICON_NAME = AppIcon;
				INFOPLIST_FILE = BasicAutoLayout/Info.plist;
				LD_RUNPATH_SEARCH_PATHS = "$(inherited) @executable_path/Frameworks";
				PRODUCT_NAME = "$(TARGET_NAME)";
			};
			name = Release;
		};
		BD008C511B41BDB600F8D04C /* Debug */ = {
			isa = XCBuildConfiguration;
			buildSettings = {
				BUNDLE_LOADER = "$(TEST_HOST)";
				FRAMEWORK_SEARCH_PATHS = (
					"$(SDKROOT)/Developer/Library/Frameworks",
					"$(inherited)",
				);
				GCC_PREPROCESSOR_DEFINITIONS = (
					"DEBUG=1",
					"$(inherited)",
				);
				INFOPLIST_FILE = BasicAutoLayoutTests/Info.plist;
				LD_RUNPATH_SEARCH_PATHS = "$(inherited) @executable_path/Frameworks @loader_path/Frameworks";
				PRODUCT_NAME = "$(TARGET_NAME)";
				TEST_HOST = "$(BUILT_PRODUCTS_DIR)/BasicAutoLayout.app/BasicAutoLayout";
			};
			name = Debug;
		};
		BD008C521B41BDB600F8D04C /* Release */ = {
			isa = XCBuildConfiguration;
			buildSettings = {
				BUNDLE_LOADER = "$(TEST_HOST)";
				FRAMEWORK_SEARCH_PATHS = (
					"$(SDKROOT)/Developer/Library/Frameworks",
					"$(inherited)",
				);
				INFOPLIST_FILE = BasicAutoLayoutTests/Info.plist;
				LD_RUNPATH_SEARCH_PATHS = "$(inherited) @executable_path/Frameworks @loader_path/Frameworks";
				PRODUCT_NAME = "$(TARGET_NAME)";
				TEST_HOST = "$(BUILT_PRODUCTS_DIR)/BasicAutoLayout.app/BasicAutoLayout";
			};
			name = Release;
		};
/* End XCBuildConfiguration section */

/* Begin XCConfigurationList section */
		BD008C251B41BDB600F8D04C /* Build configuration list for PBXProject "BasicAutoLayout" */ = {
			isa = XCConfigurationList;
			buildConfigurations = (
				BD008C4B1B41BDB600F8D04C /* Debug */,
				BD008C4C1B41BDB600F8D04C /* Release */,
			);
			defaultConfigurationIsVisible = 0;
			defaultConfigurationName = Release;
		};
		BD008C4D1B41BDB600F8D04C /* Build configuration list for PBXNativeTarget "BasicAutoLayout" */ = {
			isa = XCConfigurationList;
			buildConfigurations = (
				BD008C4E1B41BDB600F8D04C /* Debug */,
				BD008C4F1B41BDB600F8D04C /* Release */,
			);
			defaultConfigurationIsVisible = 0;
		};
		BD008C501B41BDB600F8D04C /* Build configuration list for PBXNativeTarget "BasicAutoLayoutTests" */ = {
			isa = XCConfigurationList;
			buildConfigurations = (
				BD008C511B41BDB600F8D04C /* Debug */,
				BD008C521B41BDB600F8D04C /* Release */,
			);
			defaultConfigurationIsVisible = 0;
		};
/* End XCConfigurationList section */
	};
	rootObject = BD008C221B41BDB600F8D04C /* Project object */;
}
